
Microsoft Visual Studio Solution File, Format Version 12.00
# Visual Studio Version 16
VisualStudioVersion = 16.0.30503.244
MinimumVisualStudioVersion = 10.0.40219.1
Project("{FAE04EC0-301F-11D3-BF4B-00C04F79EFBC}") = "SpeechKitApi", "SpeechKitApi\SpeechKitApi.csproj", "{1A8D4ABC-1EE5-40B6-A506-65E5E82126A8}"
EndProject
Project("{FAE04EC0-301F-11D3-BF4B-00C04F79EFBC}") = "TestYandexSpeechKit", "TestYandexSpeechKit\TestYandexSpeechKit.csproj", "{5836A7E5-AA4A-4A5F-9B9E-2B619E5DECD3}"
EndProject
Project("{FAE04EC0-301F-11D3-BF4B-00C04F79EFBC}") = "UnityAsyncHelper", "UnityAsyncHelper\UnityAsyncHelper.csproj", "{A010634D-2BA2-4830-877C-0F811E7CCF88}"
EndProject
Project("{FAE04EC0-301F-11D3-BF4B-00C04F79EFBC}") = "TreeModule", "TreeModule\TreeModule.csproj", "{9463E1CA-C2D5-4CFF-9750-8CF5700D118D}"
EndProject
Project("{FAE04EC0-301F-11D3-BF4B-00C04F79EFBC}") = "UnityEngineSwipeDetector", "UnityEngineSwipeDetector\UnityEngineSwipeDetector.csproj", "{3D2686F5-1DBD-4981-A558-9B95CC046E02}"
EndProject
Project("{2150E333-8FDC-42A3-9474-1A3956D46DE8}") = "MultiThreadAsyncClientServer", "MultiThreadAsyncClientServer", "{8617AB36-93E9-4278-ACEC-257170D38C2D}"
EndProject
Project("{2150E333-8FDC-42A3-9474-1A3956D46DE8}") = "SpeechKit", "SpeechKit", "{428B4936-6210-47E3-B30A-02D0917840A7}"
EndProject
Project("{FAE04EC0-301F-11D3-BF4B-00C04F79EFBC}") = "AsyncClientServer", "AsyncClientServer\AsyncClientServer.csproj", "{74AE6FFD-3168-4BA0-870C-D1BA7DED43C2}"
EndProject
Project("{2150E333-8FDC-42A3-9474-1A3956D46DE8}") = "Utilities", "Utilities", "{B1D6980B-97D1-41F9-99AF-58B160EBEEF8}"
EndProject
Project("{2150E333-8FDC-42A3-9474-1A3956D46DE8}") = "UnityUtilities", "UnityUtilities", "{7350C7E2-B730-4EC3-9E67-710D1702935A}"
EndProject
Project("{FAE04EC0-301F-11D3-BF4B-00C04F79EFBC}") = "UniLog", "UniLog\UniLog.csproj", "{946FC0CF-DECB-40AB-BBB1-F748F9E54180}"
EndProject
Project("{FAE04EC0-301F-11D3-BF4B-00C04F79EFBC}") = "ExtensionsLibrary", "ExtensionsLibrary\ExtensionsLibrary.csproj", "{2CBA742B-AB41-409B-A2DE-D8DBC7218DB1}"
EndProject
Project("{FAE04EC0-301F-11D3-BF4B-00C04F79EFBC}") = "UnityUtilities", "UnityUtilities\UnityUtilities.csproj", "{26FE3FD5-5E6E-4D6F-A8BE-0620D422E3DC}"
EndProject
Project("{2150E333-8FDC-42A3-9474-1A3956D46DE8}") = "Linq2db", "Linq2db", "{3D15BF53-446A-43FD-9690-DD94B97729BC}"
EndProject
Project("{9A19103F-16F7-4668-BE54-9A1E7A4F7556}") = "LinqToDbApi", "LinqToDbApi\LinqToDbApi.csproj", "{D8F62F8F-B18C-4F1E-AED4-83F1E5508B9F}"
EndProject
Project("{9A19103F-16F7-4668-BE54-9A1E7A4F7556}") = "Linq2DbTest", "Linq2DbTest\Linq2DbTest.csproj", "{9E2A1CE8-9CE1-47D0-9A74-72CE44933F23}"
EndProject
Project("{2150E333-8FDC-42A3-9474-1A3956D46DE8}") = "gRpc", "gRpc", "{BC3F8BB5-EEEC-42C6-803A-4270261963F6}"
EndProject
Project("{9A19103F-16F7-4668-BE54-9A1E7A4F7556}") = "gRpcServerTest", "gRpcServerTest\gRpcServerTest.csproj", "{EBFF66C1-D922-4760-A699-5361A4F0965C}"
EndProject
Project("{9A19103F-16F7-4668-BE54-9A1E7A4F7556}") = "gRpcClientTest", "gRpcClientTest\gRpcClientTest.csproj", "{16ECC75C-8897-4974-AD78-179E311167A6}"
EndProject
Project("{2150E333-8FDC-42A3-9474-1A3956D46DE8}") = "gRpcWithLinq2db", "gRpcWithLinq2db", "{20AF0ABC-7886-4C13-BE61-E0D6A9F05EC7}"
EndProject
Project("{FAE04EC0-301F-11D3-BF4B-00C04F79EFBC}") = "gRpcLinq2dbServer", "gRpcLinq2dbServer\gRpcLinq2dbServer.csproj", "{C86559DE-0C72-4BA4-81B9-46F2D5A47DED}"
EndProject
Project("{FAE04EC0-301F-11D3-BF4B-00C04F79EFBC}") = "gRpcWithLinq2dbClient", "gRpcWithLinq2dbClient\gRpcWithLinq2dbClient.csproj", "{9097637F-6FBF-4300-9CFF-02F3552633E0}"
EndProject
Project("{FAE04EC0-301F-11D3-BF4B-00C04F79EFBC}") = "TreeGraph", "TreeGraph\TreeGraph.csproj", "{55D4A3A4-5EDB-4AD5-8559-D097C64984FD}"
EndProject
Project("{FAE04EC0-301F-11D3-BF4B-00C04F79EFBC}") = "CodeGeneration", "CodeGeneration\CodeGeneration.csproj", "{080BD6DB-4E7E-452D-A6FE-E6CD7B061EC2}"
EndProject
Global
	GlobalSection(SolutionConfigurationPlatforms) = preSolution
		Debug|Any CPU = Debug|Any CPU
		Release|Any CPU = Release|Any CPU
	EndGlobalSection
	GlobalSection(ProjectConfigurationPlatforms) = postSolution
		{1A8D4ABC-1EE5-40B6-A506-65E5E82126A8}.Debug|Any CPU.ActiveCfg = Debug|Any CPU
		{1A8D4ABC-1EE5-40B6-A506-65E5E82126A8}.Debug|Any CPU.Build.0 = Debug|Any CPU
		{1A8D4ABC-1EE5-40B6-A506-65E5E82126A8}.Release|Any CPU.ActiveCfg = Release|Any CPU
		{1A8D4ABC-1EE5-40B6-A506-65E5E82126A8}.Release|Any CPU.Build.0 = Release|Any CPU
		{5836A7E5-AA4A-4A5F-9B9E-2B619E5DECD3}.Debug|Any CPU.ActiveCfg = Debug|Any CPU
		{5836A7E5-AA4A-4A5F-9B9E-2B619E5DECD3}.Debug|Any CPU.Build.0 = Debug|Any CPU
		{5836A7E5-AA4A-4A5F-9B9E-2B619E5DECD3}.Release|Any CPU.ActiveCfg = Release|Any CPU
		{5836A7E5-AA4A-4A5F-9B9E-2B619E5DECD3}.Release|Any CPU.Build.0 = Release|Any CPU
		{A010634D-2BA2-4830-877C-0F811E7CCF88}.Debug|Any CPU.ActiveCfg = Debug|Any CPU
		{A010634D-2BA2-4830-877C-0F811E7CCF88}.Debug|Any CPU.Build.0 = Debug|Any CPU
		{A010634D-2BA2-4830-877C-0F811E7CCF88}.Release|Any CPU.ActiveCfg = Release|Any CPU
		{A010634D-2BA2-4830-877C-0F811E7CCF88}.Release|Any CPU.Build.0 = Release|Any CPU
		{9463E1CA-C2D5-4CFF-9750-8CF5700D118D}.Debug|Any CPU.ActiveCfg = Debug|Any CPU
		{9463E1CA-C2D5-4CFF-9750-8CF5700D118D}.Debug|Any CPU.Build.0 = Debug|Any CPU
		{9463E1CA-C2D5-4CFF-9750-8CF5700D118D}.Release|Any CPU.ActiveCfg = Release|Any CPU
		{9463E1CA-C2D5-4CFF-9750-8CF5700D118D}.Release|Any CPU.Build.0 = Release|Any CPU
		{3D2686F5-1DBD-4981-A558-9B95CC046E02}.Debug|Any CPU.ActiveCfg = Debug|Any CPU
		{3D2686F5-1DBD-4981-A558-9B95CC046E02}.Debug|Any CPU.Build.0 = Debug|Any CPU
		{3D2686F5-1DBD-4981-A558-9B95CC046E02}.Release|Any CPU.ActiveCfg = Release|Any CPU
		{3D2686F5-1DBD-4981-A558-9B95CC046E02}.Release|Any CPU.Build.0 = Release|Any CPU
		{74AE6FFD-3168-4BA0-870C-D1BA7DED43C2}.Debug|Any CPU.ActiveCfg = Debug|Any CPU
		{74AE6FFD-3168-4BA0-870C-D1BA7DED43C2}.Debug|Any CPU.Build.0 = Debug|Any CPU
		{74AE6FFD-3168-4BA0-870C-D1BA7DED43C2}.Release|Any CPU.ActiveCfg = Release|Any CPU
		{74AE6FFD-3168-4BA0-870C-D1BA7DED43C2}.Release|Any CPU.Build.0 = Release|Any CPU
		{946FC0CF-DECB-40AB-BBB1-F748F9E54180}.Debug|Any CPU.ActiveCfg = Debug|Any CPU
		{946FC0CF-DECB-40AB-BBB1-F748F9E54180}.Debug|Any CPU.Build.0 = Debug|Any CPU
		{946FC0CF-DECB-40AB-BBB1-F748F9E54180}.Release|Any CPU.ActiveCfg = Release|Any CPU
		{946FC0CF-DECB-40AB-BBB1-F748F9E54180}.Release|Any CPU.Build.0 = Release|Any CPU
		{2CBA742B-AB41-409B-A2DE-D8DBC7218DB1}.Debug|Any CPU.ActiveCfg = Debug|Any CPU
		{2CBA742B-AB41-409B-A2DE-D8DBC7218DB1}.Debug|Any CPU.Build.0 = Debug|Any CPU
		{2CBA742B-AB41-409B-A2DE-D8DBC7218DB1}.Release|Any CPU.ActiveCfg = Release|Any CPU
		{2CBA742B-AB41-409B-A2DE-D8DBC7218DB1}.Release|Any CPU.Build.0 = Release|Any CPU
		{26FE3FD5-5E6E-4D6F-A8BE-0620D422E3DC}.Debug|Any CPU.ActiveCfg = Debug|Any CPU
		{26FE3FD5-5E6E-4D6F-A8BE-0620D422E3DC}.Debug|Any CPU.Build.0 = Debug|Any CPU
		{26FE3FD5-5E6E-4D6F-A8BE-0620D422E3DC}.Release|Any CPU.ActiveCfg = Release|Any CPU
		{26FE3FD5-5E6E-4D6F-A8BE-0620D422E3DC}.Release|Any CPU.Build.0 = Release|Any CPU
		{D8F62F8F-B18C-4F1E-AED4-83F1E5508B9F}.Debug|Any CPU.ActiveCfg = Debug|Any CPU
		{D8F62F8F-B18C-4F1E-AED4-83F1E5508B9F}.Debug|Any CPU.Build.0 = Debug|Any CPU
		{D8F62F8F-B18C-4F1E-AED4-83F1E5508B9F}.Release|Any CPU.ActiveCfg = Release|Any CPU
		{D8F62F8F-B18C-4F1E-AED4-83F1E5508B9F}.Release|Any CPU.Build.0 = Release|Any CPU
		{9E2A1CE8-9CE1-47D0-9A74-72CE44933F23}.Debug|Any CPU.ActiveCfg = Debug|Any CPU
		{9E2A1CE8-9CE1-47D0-9A74-72CE44933F23}.Debug|Any CPU.Build.0 = Debug|Any CPU
		{9E2A1CE8-9CE1-47D0-9A74-72CE44933F23}.Release|Any CPU.ActiveCfg = Release|Any CPU
		{9E2A1CE8-9CE1-47D0-9A74-72CE44933F23}.Release|Any CPU.Build.0 = Release|Any CPU
		{EBFF66C1-D922-4760-A699-5361A4F0965C}.Debug|Any CPU.ActiveCfg = Debug|Any CPU
		{EBFF66C1-D922-4760-A699-5361A4F0965C}.Debug|Any CPU.Build.0 = Debug|Any CPU
		{EBFF66C1-D922-4760-A699-5361A4F0965C}.Debug|Any CPU.Deploy.0 = Debug|Any CPU
		{EBFF66C1-D922-4760-A699-5361A4F0965C}.Release|Any CPU.ActiveCfg = Release|Any CPU
		{EBFF66C1-D922-4760-A699-5361A4F0965C}.Release|Any CPU.Build.0 = Release|Any CPU
		{16ECC75C-8897-4974-AD78-179E311167A6}.Debug|Any CPU.ActiveCfg = Debug|Any CPU
		{16ECC75C-8897-4974-AD78-179E311167A6}.Debug|Any CPU.Build.0 = Debug|Any CPU
		{16ECC75C-8897-4974-AD78-179E311167A6}.Debug|Any CPU.Deploy.0 = Debug|Any CPU
		{16ECC75C-8897-4974-AD78-179E311167A6}.Release|Any CPU.ActiveCfg = Release|Any CPU
		{16ECC75C-8897-4974-AD78-179E311167A6}.Release|Any CPU.Build.0 = Release|Any CPU
		{C86559DE-0C72-4BA4-81B9-46F2D5A47DED}.Debug|Any CPU.ActiveCfg = Debug|Any CPU
		{C86559DE-0C72-4BA4-81B9-46F2D5A47DED}.Debug|Any CPU.Build.0 = Debug|Any CPU
		{C86559DE-0C72-4BA4-81B9-46F2D5A47DED}.Release|Any CPU.ActiveCfg = Release|Any CPU
		{C86559DE-0C72-4BA4-81B9-46F2D5A47DED}.Release|Any CPU.Build.0 = Release|Any CPU
		{9097637F-6FBF-4300-9CFF-02F3552633E0}.Debug|Any CPU.ActiveCfg = Debug|Any CPU
		{9097637F-6FBF-4300-9CFF-02F3552633E0}.Debug|Any CPU.Build.0 = Debug|Any CPU
		{9097637F-6FBF-4300-9CFF-02F3552633E0}.Release|Any CPU.ActiveCfg = Release|Any CPU
		{9097637F-6FBF-4300-9CFF-02F3552633E0}.Release|Any CPU.Build.0 = Release|Any CPU
		{55D4A3A4-5EDB-4AD5-8559-D097C64984FD}.Debug|Any CPU.ActiveCfg = Debug|Any CPU
		{55D4A3A4-5EDB-4AD5-8559-D097C64984FD}.Debug|Any CPU.Build.0 = Debug|Any CPU
		{55D4A3A4-5EDB-4AD5-8559-D097C64984FD}.Release|Any CPU.ActiveCfg = Release|Any CPU
		{55D4A3A4-5EDB-4AD5-8559-D097C64984FD}.Release|Any CPU.Build.0 = Release|Any CPU
		{080BD6DB-4E7E-452D-A6FE-E6CD7B061EC2}.Debug|Any CPU.ActiveCfg = Debug|Any CPU
		{080BD6DB-4E7E-452D-A6FE-E6CD7B061EC2}.Debug|Any CPU.Build.0 = Debug|Any CPU
		{080BD6DB-4E7E-452D-A6FE-E6CD7B061EC2}.Release|Any CPU.ActiveCfg = Release|Any CPU
		{080BD6DB-4E7E-452D-A6FE-E6CD7B061EC2}.Release|Any CPU.Build.0 = Release|Any CPU
	EndGlobalSection
	GlobalSection(SolutionProperties) = preSolution
		HideSolutionNode = FALSE
	EndGlobalSection
	GlobalSection(NestedProjects) = preSolution
		{1A8D4ABC-1EE5-40B6-A506-65E5E82126A8} = {428B4936-6210-47E3-B30A-02D0917840A7}
		{5836A7E5-AA4A-4A5F-9B9E-2B619E5DECD3} = {428B4936-6210-47E3-B30A-02D0917840A7}
		{A010634D-2BA2-4830-877C-0F811E7CCF88} = {7350C7E2-B730-4EC3-9E67-710D1702935A}
		{9463E1CA-C2D5-4CFF-9750-8CF5700D118D} = {B1D6980B-97D1-41F9-99AF-58B160EBEEF8}
		{3D2686F5-1DBD-4981-A558-9B95CC046E02} = {7350C7E2-B730-4EC3-9E67-710D1702935A}
		{74AE6FFD-3168-4BA0-870C-D1BA7DED43C2} = {8617AB36-93E9-4278-ACEC-257170D38C2D}
		{946FC0CF-DECB-40AB-BBB1-F748F9E54180} = {B1D6980B-97D1-41F9-99AF-58B160EBEEF8}
		{2CBA742B-AB41-409B-A2DE-D8DBC7218DB1} = {B1D6980B-97D1-41F9-99AF-58B160EBEEF8}
		{26FE3FD5-5E6E-4D6F-A8BE-0620D422E3DC} = {7350C7E2-B730-4EC3-9E67-710D1702935A}
		{D8F62F8F-B18C-4F1E-AED4-83F1E5508B9F} = {3D15BF53-446A-43FD-9690-DD94B97729BC}
		{9E2A1CE8-9CE1-47D0-9A74-72CE44933F23} = {3D15BF53-446A-43FD-9690-DD94B97729BC}
		{EBFF66C1-D922-4760-A699-5361A4F0965C} = {BC3F8BB5-EEEC-42C6-803A-4270261963F6}
		{16ECC75C-8897-4974-AD78-179E311167A6} = {BC3F8BB5-EEEC-42C6-803A-4270261963F6}
		{C86559DE-0C72-4BA4-81B9-46F2D5A47DED} = {20AF0ABC-7886-4C13-BE61-E0D6A9F05EC7}
		{9097637F-6FBF-4300-9CFF-02F3552633E0} = {20AF0ABC-7886-4C13-BE61-E0D6A9F05EC7}
		{55D4A3A4-5EDB-4AD5-8559-D097C64984FD} = {B1D6980B-97D1-41F9-99AF-58B160EBEEF8}
		{080BD6DB-4E7E-452D-A6FE-E6CD7B061EC2} = {B1D6980B-97D1-41F9-99AF-58B160EBEEF8}
	EndGlobalSection
	GlobalSection(ExtensibilityGlobals) = postSolution
		SolutionGuid = {BD506976-E0F6-49C2-88E1-71879AF2A15C}
	EndGlobalSection
EndGlobal
