
Microsoft Visual Studio Solution File, Format Version 12.00
# Visual Studio Version 16
VisualStudioVersion = 16.0.30503.244
MinimumVisualStudioVersion = 10.0.40219.1
Project("{FAE04EC0-301F-11D3-BF4B-00C04F79EFBC}") = "SpeechKitApi", "SpeechKitApi\SpeechKitApi.csproj", "{1A8D4ABC-1EE5-40B6-A506-65E5E82126A8}"
EndProject
Project("{FAE04EC0-301F-11D3-BF4B-00C04F79EFBC}") = "TestYandexSpeechKit", "TestYandexSpeechKit\TestYandexSpeechKit.csproj", "{5836A7E5-AA4A-4A5F-9B9E-2B619E5DECD3}"
EndProject
Project("{FAE04EC0-301F-11D3-BF4B-00C04F79EFBC}") = "UnityAsyncHelper", "UnityAsyncHelper\UnityAsyncHelper.csproj", "{A010634D-2BA2-4830-877C-0F811E7CCF88}"
EndProject
Project("{FAE04EC0-301F-11D3-BF4B-00C04F79EFBC}") = "TreeModule", "TreeModule\TreeModule.csproj", "{9463E1CA-C2D5-4CFF-9750-8CF5700D118D}"
EndProject
Project("{FAE04EC0-301F-11D3-BF4B-00C04F79EFBC}") = "UnityEngineSwipeDetector", "UnityEngineSwipeDetector\UnityEngineSwipeDetector.csproj", "{3D2686F5-1DBD-4981-A558-9B95CC046E02}"
EndProject
Global
	GlobalSection(SolutionConfigurationPlatforms) = preSolution
		Debug|Any CPU = Debug|Any CPU
		Release|Any CPU = Release|Any CPU
	EndGlobalSection
	GlobalSection(ProjectConfigurationPlatforms) = postSolution
		{1A8D4ABC-1EE5-40B6-A506-65E5E82126A8}.Debug|Any CPU.ActiveCfg = Debug|Any CPU
		{1A8D4ABC-1EE5-40B6-A506-65E5E82126A8}.Debug|Any CPU.Build.0 = Debug|Any CPU
		{1A8D4ABC-1EE5-40B6-A506-65E5E82126A8}.Release|Any CPU.ActiveCfg = Release|Any CPU
		{1A8D4ABC-1EE5-40B6-A506-65E5E82126A8}.Release|Any CPU.Build.0 = Release|Any CPU
		{5836A7E5-AA4A-4A5F-9B9E-2B619E5DECD3}.Debug|Any CPU.ActiveCfg = Debug|Any CPU
		{5836A7E5-AA4A-4A5F-9B9E-2B619E5DECD3}.Debug|Any CPU.Build.0 = Debug|Any CPU
		{5836A7E5-AA4A-4A5F-9B9E-2B619E5DECD3}.Release|Any CPU.ActiveCfg = Release|Any CPU
		{5836A7E5-AA4A-4A5F-9B9E-2B619E5DECD3}.Release|Any CPU.Build.0 = Release|Any CPU
		{A010634D-2BA2-4830-877C-0F811E7CCF88}.Debug|Any CPU.ActiveCfg = Debug|Any CPU
		{A010634D-2BA2-4830-877C-0F811E7CCF88}.Debug|Any CPU.Build.0 = Debug|Any CPU
		{A010634D-2BA2-4830-877C-0F811E7CCF88}.Release|Any CPU.ActiveCfg = Release|Any CPU
		{A010634D-2BA2-4830-877C-0F811E7CCF88}.Release|Any CPU.Build.0 = Release|Any CPU
		{9463E1CA-C2D5-4CFF-9750-8CF5700D118D}.Debug|Any CPU.ActiveCfg = Debug|Any CPU
		{9463E1CA-C2D5-4CFF-9750-8CF5700D118D}.Debug|Any CPU.Build.0 = Debug|Any CPU
		{9463E1CA-C2D5-4CFF-9750-8CF5700D118D}.Release|Any CPU.ActiveCfg = Release|Any CPU
		{9463E1CA-C2D5-4CFF-9750-8CF5700D118D}.Release|Any CPU.Build.0 = Release|Any CPU
		{3D2686F5-1DBD-4981-A558-9B95CC046E02}.Debug|Any CPU.ActiveCfg = Debug|Any CPU
		{3D2686F5-1DBD-4981-A558-9B95CC046E02}.Debug|Any CPU.Build.0 = Debug|Any CPU
		{3D2686F5-1DBD-4981-A558-9B95CC046E02}.Release|Any CPU.ActiveCfg = Release|Any CPU
		{3D2686F5-1DBD-4981-A558-9B95CC046E02}.Release|Any CPU.Build.0 = Release|Any CPU
	EndGlobalSection
	GlobalSection(SolutionProperties) = preSolution
		HideSolutionNode = FALSE
	EndGlobalSection
	GlobalSection(ExtensibilityGlobals) = postSolution
		SolutionGuid = {BD506976-E0F6-49C2-88E1-71879AF2A15C}
	EndGlobalSection
EndGlobal
